
Microsoft Visual Studio Solution File, Format Version 12.00
# Visual Studio Version 17
VisualStudioVersion = 17.8.34525.116
MinimumVisualStudioVersion = 10.0.40219.1
Project("{FAE04EC0-301F-11D3-BF4B-00C04F79EFBC}") = "TFRES", "TefresWebserver\TFRES.csproj", "{63F6B9F6-FF80-4764-BD45-109D549BF459}"
EndProject
Project("{9A19103F-16F7-4668-BE54-9A1E7A4F7556}") = "TFRES.Core", "TFRES.Core\TFRES.Core.csproj", "{BAA4BAC9-8B80-48FD-B9D5-9556B3C8F492}"
EndProject
Project("{9A19103F-16F7-4668-BE54-9A1E7A4F7556}") = "TFRES.DotNetStandard", "TFRES.DotNetStandard\TFRES.DotNetStandard.csproj", "{641381C0-913B-4F07-BAE7-EACBBBCA33D6}"
EndProject
Project("{2150E333-8FDC-42A3-9474-1A3956D46DE8}") = "Test", "Test", "{6402B78A-59BA-4052-AEB4-5F08B7F97018}"
EndProject
Project("{FAE04EC0-301F-11D3-BF4B-00C04F79EFBC}") = "TFRES.Test.SimpleServer", "Tests\TFRES.Test.SimpleServer\TFRES.Test.SimpleServer.csproj", "{DFE76EFA-EAA4-4B30-9ACF-6BCC4D14AD42}"
EndProject
Project("{9A19103F-16F7-4668-BE54-9A1E7A4F7556}") = "TFRES.DotNet5", "TFRES.DotNet5\TFRES.DotNet5.csproj", "{B7840048-028D-4B0C-BD7C-90A8FD1D8A09}"
EndProject
Project("{FAE04EC0-301F-11D3-BF4B-00C04F79EFBC}") = "TFRES.DotNet8", "TFRES.DotNet8\TFRES.DotNet8.csproj", "{55AAE11D-91AD-48DF-9994-9E97F6D38753}"
EndProject
Global
	GlobalSection(SolutionConfigurationPlatforms) = preSolution
		Debug|Any CPU = Debug|Any CPU
		Release|Any CPU = Release|Any CPU
	EndGlobalSection
	GlobalSection(ProjectConfigurationPlatforms) = postSolution
		{63F6B9F6-FF80-4764-BD45-109D549BF459}.Debug|Any CPU.ActiveCfg = Debug|Any CPU
		{63F6B9F6-FF80-4764-BD45-109D549BF459}.Debug|Any CPU.Build.0 = Debug|Any CPU
		{63F6B9F6-FF80-4764-BD45-109D549BF459}.Release|Any CPU.ActiveCfg = Release|Any CPU
		{63F6B9F6-FF80-4764-BD45-109D549BF459}.Release|Any CPU.Build.0 = Release|Any CPU
		{BAA4BAC9-8B80-48FD-B9D5-9556B3C8F492}.Debug|Any CPU.ActiveCfg = Debug|Any CPU
		{BAA4BAC9-8B80-48FD-B9D5-9556B3C8F492}.Debug|Any CPU.Build.0 = Debug|Any CPU
		{BAA4BAC9-8B80-48FD-B9D5-9556B3C8F492}.Release|Any CPU.ActiveCfg = Release|Any CPU
		{BAA4BAC9-8B80-48FD-B9D5-9556B3C8F492}.Release|Any CPU.Build.0 = Release|Any CPU
		{641381C0-913B-4F07-BAE7-EACBBBCA33D6}.Debug|Any CPU.ActiveCfg = Debug|Any CPU
		{641381C0-913B-4F07-BAE7-EACBBBCA33D6}.Debug|Any CPU.Build.0 = Debug|Any CPU
		{641381C0-913B-4F07-BAE7-EACBBBCA33D6}.Release|Any CPU.ActiveCfg = Release|Any CPU
		{641381C0-913B-4F07-BAE7-EACBBBCA33D6}.Release|Any CPU.Build.0 = Release|Any CPU
		{DFE76EFA-EAA4-4B30-9ACF-6BCC4D14AD42}.Debug|Any CPU.ActiveCfg = Debug|Any CPU
		{DFE76EFA-EAA4-4B30-9ACF-6BCC4D14AD42}.Debug|Any CPU.Build.0 = Debug|Any CPU
		{DFE76EFA-EAA4-4B30-9ACF-6BCC4D14AD42}.Release|Any CPU.ActiveCfg = Release|Any CPU
		{DFE76EFA-EAA4-4B30-9ACF-6BCC4D14AD42}.Release|Any CPU.Build.0 = Release|Any CPU
		{B7840048-028D-4B0C-BD7C-90A8FD1D8A09}.Debug|Any CPU.ActiveCfg = Debug|Any CPU
		{B7840048-028D-4B0C-BD7C-90A8FD1D8A09}.Debug|Any CPU.Build.0 = Debug|Any CPU
		{B7840048-028D-4B0C-BD7C-90A8FD1D8A09}.Release|Any CPU.ActiveCfg = Release|Any CPU
		{B7840048-028D-4B0C-BD7C-90A8FD1D8A09}.Release|Any CPU.Build.0 = Release|Any CPU
		{55AAE11D-91AD-48DF-9994-9E97F6D38753}.Debug|Any CPU.ActiveCfg = Debug|Any CPU
		{55AAE11D-91AD-48DF-9994-9E97F6D38753}.Debug|Any CPU.Build.0 = Debug|Any CPU
		{55AAE11D-91AD-48DF-9994-9E97F6D38753}.Release|Any CPU.ActiveCfg = Release|Any CPU
		{55AAE11D-91AD-48DF-9994-9E97F6D38753}.Release|Any CPU.Build.0 = Release|Any CPU
	EndGlobalSection
	GlobalSection(SolutionProperties) = preSolution
		HideSolutionNode = FALSE
	EndGlobalSection
	GlobalSection(NestedProjects) = preSolution
		{DFE76EFA-EAA4-4B30-9ACF-6BCC4D14AD42} = {6402B78A-59BA-4052-AEB4-5F08B7F97018}
	EndGlobalSection
	GlobalSection(ExtensibilityGlobals) = postSolution
		SolutionGuid = {A8B853E1-E8A1-427E-99A2-2952144A28E9}
	EndGlobalSection
EndGlobal
