
Microsoft Visual Studio Solution File, Format Version 12.00
# Visual Studio Version 16
VisualStudioVersion = 16.0.29609.76
MinimumVisualStudioVersion = 10.0.40219.1
Project("{FAE04EC0-301F-11D3-BF4B-00C04F79EFBC}") = "TFRES", "TefresWebserver\TFRES.csproj", "{63F6B9F6-FF80-4764-BD45-109D549BF459}"
EndProject
Project("{9A19103F-16F7-4668-BE54-9A1E7A4F7556}") = "TFRES.Core", "TFRES.Core\TFRES.Core.csproj", "{BAA4BAC9-8B80-48FD-B9D5-9556B3C8F492}"
EndProject
Project("{9A19103F-16F7-4668-BE54-9A1E7A4F7556}") = "TFRES.DotNetStandard", "TFRES.DotNetStandard\TFRES.DotNetStandard.csproj", "{641381C0-913B-4F07-BAE7-EACBBBCA33D6}"
EndProject
Project("{FAE04EC0-301F-11D3-BF4B-00C04F79EFBC}") = "TFRES-OLD", "TFRES-OLD\TFRES-OLD.csproj", "{587FDB6C-B10E-4F40-957C-FF1621743760}"
EndProject
Global
	GlobalSection(SolutionConfigurationPlatforms) = preSolution
		Debug|Any CPU = Debug|Any CPU
		Release|Any CPU = Release|Any CPU
	EndGlobalSection
	GlobalSection(ProjectConfigurationPlatforms) = postSolution
		{63F6B9F6-FF80-4764-BD45-109D549BF459}.Debug|Any CPU.ActiveCfg = Debug|Any CPU
		{63F6B9F6-FF80-4764-BD45-109D549BF459}.Debug|Any CPU.Build.0 = Debug|Any CPU
		{63F6B9F6-FF80-4764-BD45-109D549BF459}.Release|Any CPU.ActiveCfg = Release|Any CPU
		{63F6B9F6-FF80-4764-BD45-109D549BF459}.Release|Any CPU.Build.0 = Release|Any CPU
		{BAA4BAC9-8B80-48FD-B9D5-9556B3C8F492}.Debug|Any CPU.ActiveCfg = Debug|Any CPU
		{BAA4BAC9-8B80-48FD-B9D5-9556B3C8F492}.Debug|Any CPU.Build.0 = Debug|Any CPU
		{BAA4BAC9-8B80-48FD-B9D5-9556B3C8F492}.Release|Any CPU.ActiveCfg = Release|Any CPU
		{BAA4BAC9-8B80-48FD-B9D5-9556B3C8F492}.Release|Any CPU.Build.0 = Release|Any CPU
		{641381C0-913B-4F07-BAE7-EACBBBCA33D6}.Debug|Any CPU.ActiveCfg = Debug|Any CPU
		{641381C0-913B-4F07-BAE7-EACBBBCA33D6}.Debug|Any CPU.Build.0 = Debug|Any CPU
		{641381C0-913B-4F07-BAE7-EACBBBCA33D6}.Release|Any CPU.ActiveCfg = Release|Any CPU
		{641381C0-913B-4F07-BAE7-EACBBBCA33D6}.Release|Any CPU.Build.0 = Release|Any CPU
		{587FDB6C-B10E-4F40-957C-FF1621743760}.Debug|Any CPU.ActiveCfg = Debug|Any CPU
		{587FDB6C-B10E-4F40-957C-FF1621743760}.Debug|Any CPU.Build.0 = Debug|Any CPU
		{587FDB6C-B10E-4F40-957C-FF1621743760}.Release|Any CPU.ActiveCfg = Release|Any CPU
		{587FDB6C-B10E-4F40-957C-FF1621743760}.Release|Any CPU.Build.0 = Release|Any CPU
	EndGlobalSection
	GlobalSection(SolutionProperties) = preSolution
		HideSolutionNode = FALSE
	EndGlobalSection
	GlobalSection(ExtensibilityGlobals) = postSolution
		SolutionGuid = {A8B853E1-E8A1-427E-99A2-2952144A28E9}
	EndGlobalSection
EndGlobal
